
Microsoft Visual Studio Solution File, Format Version 12.00
# Visual Studio Version 17
VisualStudioVersion = 17.14.36301.6 d17.14
MinimumVisualStudioVersion = 10.0.40219.1
Project("{FAE04EC0-301F-11D3-BF4B-00C04F79EFBC}") = "DesignPatterns", "DesignPatterns\DesignPatterns.csproj", "{5281CFAD-EEF5-450C-AF1D-601882587065}"
EndProject
Global
	GlobalSection(SolutionConfigurationPlatforms) = preSolution
		Debug|Any CPU = Debug|Any CPU
		Release|Any CPU = Release|Any CPU
	EndGlobalSection
	GlobalSection(ProjectConfigurationPlatforms) = postSolution
		{5281CFAD-EEF5-450C-AF1D-601882587065}.Debug|Any CPU.ActiveCfg = Debug|Any CPU
		{5281CFAD-EEF5-450C-AF1D-601882587065}.Debug|Any CPU.Build.0 = Debug|Any CPU
		{5281CFAD-EEF5-450C-AF1D-601882587065}.Release|Any CPU.ActiveCfg = Release|Any CPU
		{5281CFAD-EEF5-450C-AF1D-601882587065}.Release|Any CPU.Build.0 = Release|Any CPU
	EndGlobalSection
	GlobalSection(SolutionProperties) = preSolution
		HideSolutionNode = FALSE
	EndGlobalSection
	GlobalSection(ExtensibilityGlobals) = postSolution
		SolutionGuid = {7C2E5CAE-EB2F-4573-B976-39007BC4BF45}
	EndGlobalSection
EndGlobal
